// !$*UTF8*$!
{
	archiveVersion = 1;
	classes = {
	};
	objectVersion = 50;
	objects = {

/* Begin PBXBuildFile section */
		59BC76D12E934C9047613AE7 /* Pods_JMPayUITests.framework in Frameworks */ = {isa = PBXBuildFile; fileRef = 63862815B3E4058D02692FE8 /* Pods_JMPayUITests.framework */; };
		5B6AD49C65286F2CCE906485 /* Pods_JMPayTests.framework in Frameworks */ = {isa = PBXBuildFile; fileRef = A6E0D222E824246CCA647F68 /* Pods_JMPayTests.framework */; };
		E87A398E225CD21B00953DDB /* AppDelegate.swift in Sources */ = {isa = PBXBuildFile; fileRef = E87A398D225CD21B00953DDB /* AppDelegate.swift */; };
		E87A3993225CD21B00953DDB /* Main.storyboard in Resources */ = {isa = PBXBuildFile; fileRef = E87A3991225CD21B00953DDB /* Main.storyboard */; };
		E87A3995225CD21F00953DDB /* Assets.xcassets in Resources */ = {isa = PBXBuildFile; fileRef = E87A3994225CD21F00953DDB /* Assets.xcassets */; };
		E87A3998225CD21F00953DDB /* LaunchScreen.storyboard in Resources */ = {isa = PBXBuildFile; fileRef = E87A3996225CD21F00953DDB /* LaunchScreen.storyboard */; };
		E87A39A3225CD21F00953DDB /* JMPayTests.swift in Sources */ = {isa = PBXBuildFile; fileRef = E87A39A2225CD21F00953DDB /* JMPayTests.swift */; };
		E87A39AE225CD21F00953DDB /* JMPayUITests.swift in Sources */ = {isa = PBXBuildFile; fileRef = E87A39AD225CD21F00953DDB /* JMPayUITests.swift */; };
		E87A39BC225CD77000953DDB /* RequestManager.swift in Sources */ = {isa = PBXBuildFile; fileRef = E87A39BB225CD77000953DDB /* RequestManager.swift */; };
		E87A39BE225CD79100953DDB /* Endpoint.swift in Sources */ = {isa = PBXBuildFile; fileRef = E87A39BD225CD79100953DDB /* Endpoint.swift */; };
		E87A39C0225CD7B600953DDB /* HTTPMethod.swift in Sources */ = {isa = PBXBuildFile; fileRef = E87A39BF225CD7B600953DDB /* HTTPMethod.swift */; };
		E87A39C2225CD88C00953DDB /* WebConnection.swift in Sources */ = {isa = PBXBuildFile; fileRef = E87A39C1225CD88C00953DDB /* WebConnection.swift */; };
		E87A39C4225CD8B000953DDB /* Result.swift in Sources */ = {isa = PBXBuildFile; fileRef = E87A39C3225CD8B000953DDB /* Result.swift */; };
		E87A39C7225CDABA00953DDB /* Dictionary+Extensions.swift in Sources */ = {isa = PBXBuildFile; fileRef = E87A39C6225CDABA00953DDB /* Dictionary+Extensions.swift */; };
		E87A39C9225CDB1500953DDB /* JSONDecoder+Extensions.swift in Sources */ = {isa = PBXBuildFile; fileRef = E87A39C8225CDB1500953DDB /* JSONDecoder+Extensions.swift */; };
		E87A39CB225CDB6C00953DDB /* UIImageView+Extensions.swift in Sources */ = {isa = PBXBuildFile; fileRef = E87A39CA225CDB6C00953DDB /* UIImageView+Extensions.swift */; };
		E87A39CD225CDC8C00953DDB /* APIError.swift in Sources */ = {isa = PBXBuildFile; fileRef = E87A39CC225CDC8C00953DDB /* APIError.swift */; };
		E87A39D1225CDF7A00953DDB /* ContactsViewController.swift in Sources */ = {isa = PBXBuildFile; fileRef = E87A39D0225CDF7A00953DDB /* ContactsViewController.swift */; };
		E87A39D3225CDFC200953DDB /* ContactsViewModel.swift in Sources */ = {isa = PBXBuildFile; fileRef = E87A39D2225CDFC200953DDB /* ContactsViewModel.swift */; };
		E87A39D5225CDFDA00953DDB /* Contact.swift in Sources */ = {isa = PBXBuildFile; fileRef = E87A39D4225CDFDA00953DDB /* Contact.swift */; };
		E87A39D7225CE01B00953DDB /* ContactViewModel.swift in Sources */ = {isa = PBXBuildFile; fileRef = E87A39D6225CE01B00953DDB /* ContactViewModel.swift */; };
		E87A39DA225CE9C800953DDB /* ContactsAPI.swift in Sources */ = {isa = PBXBuildFile; fileRef = E87A39D9225CE9C800953DDB /* ContactsAPI.swift */; };
		E87A39DC225CECBC00953DDB /* ReusableView.swift in Sources */ = {isa = PBXBuildFile; fileRef = E87A39DB225CECBC00953DDB /* ReusableView.swift */; };
		E87A39DE225CEFF200953DDB /* ContactTableViewCell.swift in Sources */ = {isa = PBXBuildFile; fileRef = E87A39DD225CEFF200953DDB /* ContactTableViewCell.swift */; };
		E87A39E0225CF60100953DDB /* JMImageView.swift in Sources */ = {isa = PBXBuildFile; fileRef = E87A39DF225CF60100953DDB /* JMImageView.swift */; };
		E87A39E2225D01E900953DDB /* CustomSearchTextField.swift in Sources */ = {isa = PBXBuildFile; fileRef = E87A39E1225D01E900953DDB /* CustomSearchTextField.swift */; };
		E87A39E4225D044500953DDB /* UIColor+Extension.swift in Sources */ = {isa = PBXBuildFile; fileRef = E87A39E3225D044500953DDB /* UIColor+Extension.swift */; };
		FDB485F8E07F3F4FB8E90500 /* Pods_JMPay.framework in Frameworks */ = {isa = PBXBuildFile; fileRef = 3354785234E1090524D2E917 /* Pods_JMPay.framework */; };
/* End PBXBuildFile section */

/* Begin PBXContainerItemProxy section */
		E87A399F225CD21F00953DDB /* PBXContainerItemProxy */ = {
			isa = PBXContainerItemProxy;
			containerPortal = E87A3982225CD21B00953DDB /* Project object */;
			proxyType = 1;
			remoteGlobalIDString = E87A3989225CD21B00953DDB;
			remoteInfo = JMPay;
		};
		E87A39AA225CD21F00953DDB /* PBXContainerItemProxy */ = {
			isa = PBXContainerItemProxy;
			containerPortal = E87A3982225CD21B00953DDB /* Project object */;
			proxyType = 1;
			remoteGlobalIDString = E87A3989225CD21B00953DDB;
			remoteInfo = JMPay;
		};
/* End PBXContainerItemProxy section */

/* Begin PBXFileReference section */
		13199ECF5465C20E730CD9E8 /* Pods-JMPayUITests.debug.xcconfig */ = {isa = PBXFileReference; includeInIndex = 1; lastKnownFileType = text.xcconfig; name = "Pods-JMPayUITests.debug.xcconfig"; path = "Target Support Files/Pods-JMPayUITests/Pods-JMPayUITests.debug.xcconfig"; sourceTree = "<group>"; };
		28E5292785F7EFD5CD920B95 /* Pods-JMPay.debug.xcconfig */ = {isa = PBXFileReference; includeInIndex = 1; lastKnownFileType = text.xcconfig; name = "Pods-JMPay.debug.xcconfig"; path = "Target Support Files/Pods-JMPay/Pods-JMPay.debug.xcconfig"; sourceTree = "<group>"; };
		2A6BA5CA844E8BC4B528B5FB /* Pods-JMPayUITests.release.xcconfig */ = {isa = PBXFileReference; includeInIndex = 1; lastKnownFileType = text.xcconfig; name = "Pods-JMPayUITests.release.xcconfig"; path = "Target Support Files/Pods-JMPayUITests/Pods-JMPayUITests.release.xcconfig"; sourceTree = "<group>"; };
		3354785234E1090524D2E917 /* Pods_JMPay.framework */ = {isa = PBXFileReference; explicitFileType = wrapper.framework; includeInIndex = 0; path = Pods_JMPay.framework; sourceTree = BUILT_PRODUCTS_DIR; };
		40F773BC97AF788E3379E358 /* Pods-JMPay.release.xcconfig */ = {isa = PBXFileReference; includeInIndex = 1; lastKnownFileType = text.xcconfig; name = "Pods-JMPay.release.xcconfig"; path = "Target Support Files/Pods-JMPay/Pods-JMPay.release.xcconfig"; sourceTree = "<group>"; };
		63862815B3E4058D02692FE8 /* Pods_JMPayUITests.framework */ = {isa = PBXFileReference; explicitFileType = wrapper.framework; includeInIndex = 0; path = Pods_JMPayUITests.framework; sourceTree = BUILT_PRODUCTS_DIR; };
		A6E0D222E824246CCA647F68 /* Pods_JMPayTests.framework */ = {isa = PBXFileReference; explicitFileType = wrapper.framework; includeInIndex = 0; path = Pods_JMPayTests.framework; sourceTree = BUILT_PRODUCTS_DIR; };
		C9B5A2650A797F0F804B9859 /* Pods-JMPayTests.debug.xcconfig */ = {isa = PBXFileReference; includeInIndex = 1; lastKnownFileType = text.xcconfig; name = "Pods-JMPayTests.debug.xcconfig"; path = "Target Support Files/Pods-JMPayTests/Pods-JMPayTests.debug.xcconfig"; sourceTree = "<group>"; };
		D25022B4FC6296F74F8E02C0 /* Pods-JMPayTests.release.xcconfig */ = {isa = PBXFileReference; includeInIndex = 1; lastKnownFileType = text.xcconfig; name = "Pods-JMPayTests.release.xcconfig"; path = "Target Support Files/Pods-JMPayTests/Pods-JMPayTests.release.xcconfig"; sourceTree = "<group>"; };
		E87A398A225CD21B00953DDB /* JMPay.app */ = {isa = PBXFileReference; explicitFileType = wrapper.application; includeInIndex = 0; path = JMPay.app; sourceTree = BUILT_PRODUCTS_DIR; };
		E87A398D225CD21B00953DDB /* AppDelegate.swift */ = {isa = PBXFileReference; lastKnownFileType = sourcecode.swift; path = AppDelegate.swift; sourceTree = "<group>"; };
		E87A3992225CD21B00953DDB /* Base */ = {isa = PBXFileReference; lastKnownFileType = file.storyboard; name = Base; path = Base.lproj/Main.storyboard; sourceTree = "<group>"; };
		E87A3994225CD21F00953DDB /* Assets.xcassets */ = {isa = PBXFileReference; lastKnownFileType = folder.assetcatalog; path = Assets.xcassets; sourceTree = "<group>"; };
		E87A3997225CD21F00953DDB /* Base */ = {isa = PBXFileReference; lastKnownFileType = file.storyboard; name = Base; path = Base.lproj/LaunchScreen.storyboard; sourceTree = "<group>"; };
		E87A3999225CD21F00953DDB /* Info.plist */ = {isa = PBXFileReference; lastKnownFileType = text.plist.xml; path = Info.plist; sourceTree = "<group>"; };
		E87A399E225CD21F00953DDB /* JMPayTests.xctest */ = {isa = PBXFileReference; explicitFileType = wrapper.cfbundle; includeInIndex = 0; path = JMPayTests.xctest; sourceTree = BUILT_PRODUCTS_DIR; };
		E87A39A2225CD21F00953DDB /* JMPayTests.swift */ = {isa = PBXFileReference; lastKnownFileType = sourcecode.swift; path = JMPayTests.swift; sourceTree = "<group>"; };
		E87A39A4225CD21F00953DDB /* Info.plist */ = {isa = PBXFileReference; lastKnownFileType = text.plist.xml; path = Info.plist; sourceTree = "<group>"; };
		E87A39A9225CD21F00953DDB /* JMPayUITests.xctest */ = {isa = PBXFileReference; explicitFileType = wrapper.cfbundle; includeInIndex = 0; path = JMPayUITests.xctest; sourceTree = BUILT_PRODUCTS_DIR; };
		E87A39AD225CD21F00953DDB /* JMPayUITests.swift */ = {isa = PBXFileReference; lastKnownFileType = sourcecode.swift; path = JMPayUITests.swift; sourceTree = "<group>"; };
		E87A39AF225CD21F00953DDB /* Info.plist */ = {isa = PBXFileReference; lastKnownFileType = text.plist.xml; path = Info.plist; sourceTree = "<group>"; };
		E87A39BB225CD77000953DDB /* RequestManager.swift */ = {isa = PBXFileReference; lastKnownFileType = sourcecode.swift; path = RequestManager.swift; sourceTree = "<group>"; };
		E87A39BD225CD79100953DDB /* Endpoint.swift */ = {isa = PBXFileReference; lastKnownFileType = sourcecode.swift; path = Endpoint.swift; sourceTree = "<group>"; };
		E87A39BF225CD7B600953DDB /* HTTPMethod.swift */ = {isa = PBXFileReference; lastKnownFileType = sourcecode.swift; path = HTTPMethod.swift; sourceTree = "<group>"; };
		E87A39C1225CD88C00953DDB /* WebConnection.swift */ = {isa = PBXFileReference; lastKnownFileType = sourcecode.swift; path = WebConnection.swift; sourceTree = "<group>"; };
		E87A39C3225CD8B000953DDB /* Result.swift */ = {isa = PBXFileReference; lastKnownFileType = sourcecode.swift; path = Result.swift; sourceTree = "<group>"; };
		E87A39C6225CDABA00953DDB /* Dictionary+Extensions.swift */ = {isa = PBXFileReference; lastKnownFileType = sourcecode.swift; path = "Dictionary+Extensions.swift"; sourceTree = "<group>"; };
		E87A39C8225CDB1500953DDB /* JSONDecoder+Extensions.swift */ = {isa = PBXFileReference; lastKnownFileType = sourcecode.swift; path = "JSONDecoder+Extensions.swift"; sourceTree = "<group>"; };
		E87A39CA225CDB6C00953DDB /* UIImageView+Extensions.swift */ = {isa = PBXFileReference; lastKnownFileType = sourcecode.swift; path = "UIImageView+Extensions.swift"; sourceTree = "<group>"; };
		E87A39CC225CDC8C00953DDB /* APIError.swift */ = {isa = PBXFileReference; lastKnownFileType = sourcecode.swift; path = APIError.swift; sourceTree = "<group>"; };
		E87A39D0225CDF7A00953DDB /* ContactsViewController.swift */ = {isa = PBXFileReference; lastKnownFileType = sourcecode.swift; path = ContactsViewController.swift; sourceTree = "<group>"; };
		E87A39D2225CDFC200953DDB /* ContactsViewModel.swift */ = {isa = PBXFileReference; lastKnownFileType = sourcecode.swift; path = ContactsViewModel.swift; sourceTree = "<group>"; };
		E87A39D4225CDFDA00953DDB /* Contact.swift */ = {isa = PBXFileReference; lastKnownFileType = sourcecode.swift; path = Contact.swift; sourceTree = "<group>"; };
		E87A39D6225CE01B00953DDB /* ContactViewModel.swift */ = {isa = PBXFileReference; lastKnownFileType = sourcecode.swift; path = ContactViewModel.swift; sourceTree = "<group>"; };
		E87A39D9225CE9C800953DDB /* ContactsAPI.swift */ = {isa = PBXFileReference; lastKnownFileType = sourcecode.swift; path = ContactsAPI.swift; sourceTree = "<group>"; };
		E87A39DB225CECBC00953DDB /* ReusableView.swift */ = {isa = PBXFileReference; lastKnownFileType = sourcecode.swift; path = ReusableView.swift; sourceTree = "<group>"; };
		E87A39DD225CEFF200953DDB /* ContactTableViewCell.swift */ = {isa = PBXFileReference; lastKnownFileType = sourcecode.swift; path = ContactTableViewCell.swift; sourceTree = "<group>"; };
		E87A39DF225CF60100953DDB /* JMImageView.swift */ = {isa = PBXFileReference; lastKnownFileType = sourcecode.swift; path = JMImageView.swift; sourceTree = "<group>"; };
		E87A39E1225D01E900953DDB /* CustomSearchTextField.swift */ = {isa = PBXFileReference; lastKnownFileType = sourcecode.swift; path = CustomSearchTextField.swift; sourceTree = "<group>"; };
		E87A39E3225D044500953DDB /* UIColor+Extension.swift */ = {isa = PBXFileReference; lastKnownFileType = sourcecode.swift; path = "UIColor+Extension.swift"; sourceTree = "<group>"; };
/* End PBXFileReference section */

/* Begin PBXFrameworksBuildPhase section */
		E87A3987225CD21B00953DDB /* Frameworks */ = {
			isa = PBXFrameworksBuildPhase;
			buildActionMask = 2147483647;
			files = (
				FDB485F8E07F3F4FB8E90500 /* Pods_JMPay.framework in Frameworks */,
			);
			runOnlyForDeploymentPostprocessing = 0;
		};
		E87A399B225CD21F00953DDB /* Frameworks */ = {
			isa = PBXFrameworksBuildPhase;
			buildActionMask = 2147483647;
			files = (
				5B6AD49C65286F2CCE906485 /* Pods_JMPayTests.framework in Frameworks */,
			);
			runOnlyForDeploymentPostprocessing = 0;
		};
		E87A39A6225CD21F00953DDB /* Frameworks */ = {
			isa = PBXFrameworksBuildPhase;
			buildActionMask = 2147483647;
			files = (
				59BC76D12E934C9047613AE7 /* Pods_JMPayUITests.framework in Frameworks */,
			);
			runOnlyForDeploymentPostprocessing = 0;
		};
/* End PBXFrameworksBuildPhase section */

/* Begin PBXGroup section */
		8DC6A1BD169DA2FE38FDB738 /* Frameworks */ = {
			isa = PBXGroup;
			children = (
				3354785234E1090524D2E917 /* Pods_JMPay.framework */,
				A6E0D222E824246CCA647F68 /* Pods_JMPayTests.framework */,
				63862815B3E4058D02692FE8 /* Pods_JMPayUITests.framework */,
			);
			name = Frameworks;
			sourceTree = "<group>";
		};
		B4B81C54C2C74976BFC571D2 /* Pods */ = {
			isa = PBXGroup;
			children = (
				28E5292785F7EFD5CD920B95 /* Pods-JMPay.debug.xcconfig */,
				40F773BC97AF788E3379E358 /* Pods-JMPay.release.xcconfig */,
				C9B5A2650A797F0F804B9859 /* Pods-JMPayTests.debug.xcconfig */,
				D25022B4FC6296F74F8E02C0 /* Pods-JMPayTests.release.xcconfig */,
				13199ECF5465C20E730CD9E8 /* Pods-JMPayUITests.debug.xcconfig */,
				2A6BA5CA844E8BC4B528B5FB /* Pods-JMPayUITests.release.xcconfig */,
			);
			path = Pods;
			sourceTree = "<group>";
		};
		E87A3981225CD21B00953DDB = {
			isa = PBXGroup;
			children = (
				E87A398C225CD21B00953DDB /* JMPay */,
				E87A39A1225CD21F00953DDB /* JMPayTests */,
				E87A39AC225CD21F00953DDB /* JMPayUITests */,
				E87A398B225CD21B00953DDB /* Products */,
				E87A39D8225CE91600953DDB /* Recovered References */,
				B4B81C54C2C74976BFC571D2 /* Pods */,
				8DC6A1BD169DA2FE38FDB738 /* Frameworks */,
			);
			sourceTree = "<group>";
		};
		E87A398B225CD21B00953DDB /* Products */ = {
			isa = PBXGroup;
			children = (
				E87A398A225CD21B00953DDB /* JMPay.app */,
				E87A399E225CD21F00953DDB /* JMPayTests.xctest */,
				E87A39A9225CD21F00953DDB /* JMPayUITests.xctest */,
			);
			name = Products;
			sourceTree = "<group>";
		};
		E87A398C225CD21B00953DDB /* JMPay */ = {
			isa = PBXGroup;
			children = (
				E87A39CF225CDF5400953DDB /* Contacts */,
				E87A398D225CD21B00953DDB /* AppDelegate.swift */,
				E87A3991225CD21B00953DDB /* Main.storyboard */,
				E87A3994225CD21F00953DDB /* Assets.xcassets */,
				E87A3996225CD21F00953DDB /* LaunchScreen.storyboard */,
				E87A3999225CD21F00953DDB /* Info.plist */,
				E87A39C5225CDA0700953DDB /* WebConnection */,
				E87A39CE225CDEA600953DDB /* Extensions */,
				E87A39DB225CECBC00953DDB /* ReusableView.swift */,
				E87A39DF225CF60100953DDB /* JMImageView.swift */,
				E87A39E1225D01E900953DDB /* CustomSearchTextField.swift */,
			);
			path = JMPay;
			sourceTree = "<group>";
		};
		E87A39A1225CD21F00953DDB /* JMPayTests */ = {
			isa = PBXGroup;
			children = (
				E87A39A2225CD21F00953DDB /* JMPayTests.swift */,
				E87A39A4225CD21F00953DDB /* Info.plist */,
			);
			path = JMPayTests;
			sourceTree = "<group>";
		};
		E87A39AC225CD21F00953DDB /* JMPayUITests */ = {
			isa = PBXGroup;
			children = (
				E87A39AD225CD21F00953DDB /* JMPayUITests.swift */,
				E87A39AF225CD21F00953DDB /* Info.plist */,
			);
			path = JMPayUITests;
			sourceTree = "<group>";
		};
		E87A39C5225CDA0700953DDB /* WebConnection */ = {
			isa = PBXGroup;
			children = (
				E87A39BB225CD77000953DDB /* RequestManager.swift */,
				E87A39BD225CD79100953DDB /* Endpoint.swift */,
				E87A39BF225CD7B600953DDB /* HTTPMethod.swift */,
				E87A39C1225CD88C00953DDB /* WebConnection.swift */,
				E87A39C3225CD8B000953DDB /* Result.swift */,
				E87A39CC225CDC8C00953DDB /* APIError.swift */,
			);
			path = WebConnection;
			sourceTree = "<group>";
		};
		E87A39CE225CDEA600953DDB /* Extensions */ = {
			isa = PBXGroup;
			children = (
				E87A39C6225CDABA00953DDB /* Dictionary+Extensions.swift */,
				E87A39C8225CDB1500953DDB /* JSONDecoder+Extensions.swift */,
				E87A39CA225CDB6C00953DDB /* UIImageView+Extensions.swift */,
				E87A39E3225D044500953DDB /* UIColor+Extension.swift */,
			);
			path = Extensions;
			sourceTree = "<group>";
		};
		E87A39CF225CDF5400953DDB /* Contacts */ = {
			isa = PBXGroup;
			children = (
				E87A39D0225CDF7A00953DDB /* ContactsViewController.swift */,
				E87A39D2225CDFC200953DDB /* ContactsViewModel.swift */,
				E87A39D4225CDFDA00953DDB /* Contact.swift */,
				E87A39D6225CE01B00953DDB /* ContactViewModel.swift */,
				E87A39D9225CE9C800953DDB /* ContactsAPI.swift */,
				E87A39DD225CEFF200953DDB /* ContactTableViewCell.swift */,
			);
			path = Contacts;
			sourceTree = "<group>";
		};
		E87A39D8225CE91600953DDB /* Recovered References */ = {
			isa = PBXGroup;
			children = (
			);
			name = "Recovered References";
			sourceTree = "<group>";
		};
/* End PBXGroup section */

/* Begin PBXNativeTarget section */
		E87A3989225CD21B00953DDB /* JMPay */ = {
			isa = PBXNativeTarget;
			buildConfigurationList = E87A39B2225CD21F00953DDB /* Build configuration list for PBXNativeTarget "JMPay" */;
			buildPhases = (
				4B9B480B8658FC1499ECF808 /* [CP] Check Pods Manifest.lock */,
				E87A3986225CD21B00953DDB /* Sources */,
				E87A3987225CD21B00953DDB /* Frameworks */,
				E87A3988225CD21B00953DDB /* Resources */,
				EED7070B17EB40C93556037F /* [CP] Embed Pods Frameworks */,
			);
			buildRules = (
			);
			dependencies = (
			);
			name = JMPay;
			productName = JMPay;
			productReference = E87A398A225CD21B00953DDB /* JMPay.app */;
			productType = "com.apple.product-type.application";
		};
		E87A399D225CD21F00953DDB /* JMPayTests */ = {
			isa = PBXNativeTarget;
			buildConfigurationList = E87A39B5225CD21F00953DDB /* Build configuration list for PBXNativeTarget "JMPayTests" */;
			buildPhases = (
				5C08CB30B35483BA2ABD70B9 /* [CP] Check Pods Manifest.lock */,
				E87A399A225CD21F00953DDB /* Sources */,
				E87A399B225CD21F00953DDB /* Frameworks */,
				E87A399C225CD21F00953DDB /* Resources */,
			);
			buildRules = (
			);
			dependencies = (
				E87A39A0225CD21F00953DDB /* PBXTargetDependency */,
			);
			name = JMPayTests;
			productName = JMPayTests;
			productReference = E87A399E225CD21F00953DDB /* JMPayTests.xctest */;
			productType = "com.apple.product-type.bundle.unit-test";
		};
		E87A39A8225CD21F00953DDB /* JMPayUITests */ = {
			isa = PBXNativeTarget;
			buildConfigurationList = E87A39B8225CD21F00953DDB /* Build configuration list for PBXNativeTarget "JMPayUITests" */;
			buildPhases = (
				69721344496AE6C6CBD30B90 /* [CP] Check Pods Manifest.lock */,
				E87A39A5225CD21F00953DDB /* Sources */,
				E87A39A6225CD21F00953DDB /* Frameworks */,
				E87A39A7225CD21F00953DDB /* Resources */,
			);
			buildRules = (
			);
			dependencies = (
				E87A39AB225CD21F00953DDB /* PBXTargetDependency */,
			);
			name = JMPayUITests;
			productName = JMPayUITests;
			productReference = E87A39A9225CD21F00953DDB /* JMPayUITests.xctest */;
			productType = "com.apple.product-type.bundle.ui-testing";
		};
/* End PBXNativeTarget section */

/* Begin PBXProject section */
		E87A3982225CD21B00953DDB /* Project object */ = {
			isa = PBXProject;
			attributes = {
				LastSwiftUpdateCheck = 1010;
				LastUpgradeCheck = 1010;
				ORGANIZATIONNAME = JM;
				TargetAttributes = {
					E87A3989225CD21B00953DDB = {
						CreatedOnToolsVersion = 10.1;
					};
					E87A399D225CD21F00953DDB = {
						CreatedOnToolsVersion = 10.1;
						TestTargetID = E87A3989225CD21B00953DDB;
					};
					E87A39A8225CD21F00953DDB = {
						CreatedOnToolsVersion = 10.1;
						TestTargetID = E87A3989225CD21B00953DDB;
					};
				};
			};
			buildConfigurationList = E87A3985225CD21B00953DDB /* Build configuration list for PBXProject "JMPay" */;
			compatibilityVersion = "Xcode 9.3";
			developmentRegion = en;
			hasScannedForEncodings = 0;
			knownRegions = (
				en,
				Base,
			);
			mainGroup = E87A3981225CD21B00953DDB;
			productRefGroup = E87A398B225CD21B00953DDB /* Products */;
			projectDirPath = "";
			projectRoot = "";
			targets = (
				E87A3989225CD21B00953DDB /* JMPay */,
				E87A399D225CD21F00953DDB /* JMPayTests */,
				E87A39A8225CD21F00953DDB /* JMPayUITests */,
			);
		};
/* End PBXProject section */

/* Begin PBXResourcesBuildPhase section */
		E87A3988225CD21B00953DDB /* Resources */ = {
			isa = PBXResourcesBuildPhase;
			buildActionMask = 2147483647;
			files = (
				E87A3998225CD21F00953DDB /* LaunchScreen.storyboard in Resources */,
				E87A3995225CD21F00953DDB /* Assets.xcassets in Resources */,
				E87A3993225CD21B00953DDB /* Main.storyboard in Resources */,
			);
			runOnlyForDeploymentPostprocessing = 0;
		};
		E87A399C225CD21F00953DDB /* Resources */ = {
			isa = PBXResourcesBuildPhase;
			buildActionMask = 2147483647;
			files = (
			);
			runOnlyForDeploymentPostprocessing = 0;
		};
		E87A39A7225CD21F00953DDB /* Resources */ = {
			isa = PBXResourcesBuildPhase;
			buildActionMask = 2147483647;
			files = (
			);
			runOnlyForDeploymentPostprocessing = 0;
		};
/* End PBXResourcesBuildPhase section */

/* Begin PBXShellScriptBuildPhase section */
		4B9B480B8658FC1499ECF808 /* [CP] Check Pods Manifest.lock */ = {
			isa = PBXShellScriptBuildPhase;
			buildActionMask = 2147483647;
			files = (
			);
			inputFileListPaths = (
			);
			inputPaths = (
				"${PODS_PODFILE_DIR_PATH}/Podfile.lock",
				"${PODS_ROOT}/Manifest.lock",
			);
			name = "[CP] Check Pods Manifest.lock";
			outputFileListPaths = (
			);
			outputPaths = (
				"$(DERIVED_FILE_DIR)/Pods-JMPay-checkManifestLockResult.txt",
			);
			runOnlyForDeploymentPostprocessing = 0;
			shellPath = /bin/sh;
			shellScript = "diff \"${PODS_PODFILE_DIR_PATH}/Podfile.lock\" \"${PODS_ROOT}/Manifest.lock\" > /dev/null\nif [ $? != 0 ] ; then\n    # print error to STDERR\n    echo \"error: The sandbox is not in sync with the Podfile.lock. Run 'pod install' or update your CocoaPods installation.\" >&2\n    exit 1\nfi\n# This output is used by Xcode 'outputs' to avoid re-running this script phase.\necho \"SUCCESS\" > \"${SCRIPT_OUTPUT_FILE_0}\"\n";
			showEnvVarsInLog = 0;
		};
		5C08CB30B35483BA2ABD70B9 /* [CP] Check Pods Manifest.lock */ = {
			isa = PBXShellScriptBuildPhase;
			buildActionMask = 2147483647;
			files = (
			);
			inputFileListPaths = (
			);
			inputPaths = (
				"${PODS_PODFILE_DIR_PATH}/Podfile.lock",
				"${PODS_ROOT}/Manifest.lock",
			);
			name = "[CP] Check Pods Manifest.lock";
			outputFileListPaths = (
			);
			outputPaths = (
				"$(DERIVED_FILE_DIR)/Pods-JMPayTests-checkManifestLockResult.txt",
			);
			runOnlyForDeploymentPostprocessing = 0;
			shellPath = /bin/sh;
			shellScript = "diff \"${PODS_PODFILE_DIR_PATH}/Podfile.lock\" \"${PODS_ROOT}/Manifest.lock\" > /dev/null\nif [ $? != 0 ] ; then\n    # print error to STDERR\n    echo \"error: The sandbox is not in sync with the Podfile.lock. Run 'pod install' or update your CocoaPods installation.\" >&2\n    exit 1\nfi\n# This output is used by Xcode 'outputs' to avoid re-running this script phase.\necho \"SUCCESS\" > \"${SCRIPT_OUTPUT_FILE_0}\"\n";
			showEnvVarsInLog = 0;
		};
		69721344496AE6C6CBD30B90 /* [CP] Check Pods Manifest.lock */ = {
			isa = PBXShellScriptBuildPhase;
			buildActionMask = 2147483647;
			files = (
			);
			inputFileListPaths = (
			);
			inputPaths = (
				"${PODS_PODFILE_DIR_PATH}/Podfile.lock",
				"${PODS_ROOT}/Manifest.lock",
			);
			name = "[CP] Check Pods Manifest.lock";
			outputFileListPaths = (
			);
			outputPaths = (
				"$(DERIVED_FILE_DIR)/Pods-JMPayUITests-checkManifestLockResult.txt",
			);
			runOnlyForDeploymentPostprocessing = 0;
			shellPath = /bin/sh;
			shellScript = "diff \"${PODS_PODFILE_DIR_PATH}/Podfile.lock\" \"${PODS_ROOT}/Manifest.lock\" > /dev/null\nif [ $? != 0 ] ; then\n    # print error to STDERR\n    echo \"error: The sandbox is not in sync with the Podfile.lock. Run 'pod install' or update your CocoaPods installation.\" >&2\n    exit 1\nfi\n# This output is used by Xcode 'outputs' to avoid re-running this script phase.\necho \"SUCCESS\" > \"${SCRIPT_OUTPUT_FILE_0}\"\n";
			showEnvVarsInLog = 0;
		};
		EED7070B17EB40C93556037F /* [CP] Embed Pods Frameworks */ = {
			isa = PBXShellScriptBuildPhase;
			buildActionMask = 2147483647;
			files = (
			);
			inputFileListPaths = (
			);
			inputPaths = (
				"${PODS_ROOT}/Target Support Files/Pods-JMPay/Pods-JMPay-frameworks.sh",
				"${BUILT_PRODUCTS_DIR}/Alamofire/Alamofire.framework",
				"${BUILT_PRODUCTS_DIR}/AlamofireImage/AlamofireImage.framework",
				"${BUILT_PRODUCTS_DIR}/AlamofireNetworkActivityIndicator/AlamofireNetworkActivityIndicator.framework",
				"${BUILT_PRODUCTS_DIR}/AlamofireNetworkActivityLogger/AlamofireNetworkActivityLogger.framework",
			);
			name = "[CP] Embed Pods Frameworks";
			outputFileListPaths = (
			);
			outputPaths = (
				"${TARGET_BUILD_DIR}/${FRAMEWORKS_FOLDER_PATH}/Alamofire.framework",
				"${TARGET_BUILD_DIR}/${FRAMEWORKS_FOLDER_PATH}/AlamofireImage.framework",
				"${TARGET_BUILD_DIR}/${FRAMEWORKS_FOLDER_PATH}/AlamofireNetworkActivityIndicator.framework",
				"${TARGET_BUILD_DIR}/${FRAMEWORKS_FOLDER_PATH}/AlamofireNetworkActivityLogger.framework",
			);
			runOnlyForDeploymentPostprocessing = 0;
			shellPath = /bin/sh;
			shellScript = "\"${PODS_ROOT}/Target Support Files/Pods-JMPay/Pods-JMPay-frameworks.sh\"\n";
			showEnvVarsInLog = 0;
		};
/* End PBXShellScriptBuildPhase section */

/* Begin PBXSourcesBuildPhase section */
		E87A3986225CD21B00953DDB /* Sources */ = {
			isa = PBXSourcesBuildPhase;
			buildActionMask = 2147483647;
			files = (
				E87A39CB225CDB6C00953DDB /* UIImageView+Extensions.swift in Sources */,
				E87A39DC225CECBC00953DDB /* ReusableView.swift in Sources */,
				E87A39C2225CD88C00953DDB /* WebConnection.swift in Sources */,
				E87A39D1225CDF7A00953DDB /* ContactsViewController.swift in Sources */,
				E87A39BC225CD77000953DDB /* RequestManager.swift in Sources */,
				E87A39DE225CEFF200953DDB /* ContactTableViewCell.swift in Sources */,
				E87A39DA225CE9C800953DDB /* ContactsAPI.swift in Sources */,
				E87A39E0225CF60100953DDB /* JMImageView.swift in Sources */,
				E87A39BE225CD79100953DDB /* Endpoint.swift in Sources */,
				E87A39D5225CDFDA00953DDB /* Contact.swift in Sources */,
				E87A39E2225D01E900953DDB /* CustomSearchTextField.swift in Sources */,
				E87A39D7225CE01B00953DDB /* ContactViewModel.swift in Sources */,
				E87A39C4225CD8B000953DDB /* Result.swift in Sources */,
				E87A39C0225CD7B600953DDB /* HTTPMethod.swift in Sources */,
				E87A398E225CD21B00953DDB /* AppDelegate.swift in Sources */,
				E87A39C9225CDB1500953DDB /* JSONDecoder+Extensions.swift in Sources */,
				E87A39C7225CDABA00953DDB /* Dictionary+Extensions.swift in Sources */,
				E87A39D3225CDFC200953DDB /* ContactsViewModel.swift in Sources */,
				E87A39CD225CDC8C00953DDB /* APIError.swift in Sources */,
				E87A39E4225D044500953DDB /* UIColor+Extension.swift in Sources */,
			);
			runOnlyForDeploymentPostprocessing = 0;
		};
		E87A399A225CD21F00953DDB /* Sources */ = {
			isa = PBXSourcesBuildPhase;
			buildActionMask = 2147483647;
			files = (
				E87A39A3225CD21F00953DDB /* JMPayTests.swift in Sources */,
			);
			runOnlyForDeploymentPostprocessing = 0;
		};
		E87A39A5225CD21F00953DDB /* Sources */ = {
			isa = PBXSourcesBuildPhase;
			buildActionMask = 2147483647;
			files = (
				E87A39AE225CD21F00953DDB /* JMPayUITests.swift in Sources */,
			);
			runOnlyForDeploymentPostprocessing = 0;
		};
/* End PBXSourcesBuildPhase section */

/* Begin PBXTargetDependency section */
		E87A39A0225CD21F00953DDB /* PBXTargetDependency */ = {
			isa = PBXTargetDependency;
			target = E87A3989225CD21B00953DDB /* JMPay */;
			targetProxy = E87A399F225CD21F00953DDB /* PBXContainerItemProxy */;
		};
		E87A39AB225CD21F00953DDB /* PBXTargetDependency */ = {
			isa = PBXTargetDependency;
			target = E87A3989225CD21B00953DDB /* JMPay */;
			targetProxy = E87A39AA225CD21F00953DDB /* PBXContainerItemProxy */;
		};
/* End PBXTargetDependency section */

/* Begin PBXVariantGroup section */
		E87A3991225CD21B00953DDB /* Main.storyboard */ = {
			isa = PBXVariantGroup;
			children = (
				E87A3992225CD21B00953DDB /* Base */,
			);
			name = Main.storyboard;
			sourceTree = "<group>";
		};
		E87A3996225CD21F00953DDB /* LaunchScreen.storyboard */ = {
			isa = PBXVariantGroup;
			children = (
				E87A3997225CD21F00953DDB /* Base */,
			);
			name = LaunchScreen.storyboard;
			sourceTree = "<group>";
		};
/* End PBXVariantGroup section */

/* Begin XCBuildConfiguration section */
		E87A39B0225CD21F00953DDB /* Debug */ = {
			isa = XCBuildConfiguration;
			buildSettings = {
				ALWAYS_SEARCH_USER_PATHS = NO;
				CLANG_ANALYZER_NONNULL = YES;
				CLANG_ANALYZER_NUMBER_OBJECT_CONVERSION = YES_AGGRESSIVE;
				CLANG_CXX_LANGUAGE_STANDARD = "gnu++14";
				CLANG_CXX_LIBRARY = "libc++";
				CLANG_ENABLE_MODULES = YES;
				CLANG_ENABLE_OBJC_ARC = YES;
				CLANG_ENABLE_OBJC_WEAK = YES;
				CLANG_WARN_BLOCK_CAPTURE_AUTORELEASING = YES;
				CLANG_WARN_BOOL_CONVERSION = YES;
				CLANG_WARN_COMMA = YES;
				CLANG_WARN_CONSTANT_CONVERSION = YES;
				CLANG_WARN_DEPRECATED_OBJC_IMPLEMENTATIONS = YES;
				CLANG_WARN_DIRECT_OBJC_ISA_USAGE = YES_ERROR;
				CLANG_WARN_DOCUMENTATION_COMMENTS = YES;
				CLANG_WARN_EMPTY_BODY = YES;
				CLANG_WARN_ENUM_CONVERSION = YES;
				CLANG_WARN_INFINITE_RECURSION = YES;
				CLANG_WARN_INT_CONVERSION = YES;
				CLANG_WARN_NON_LITERAL_NULL_CONVERSION = YES;
				CLANG_WARN_OBJC_IMPLICIT_RETAIN_SELF = YES;
				CLANG_WARN_OBJC_LITERAL_CONVERSION = YES;
				CLANG_WARN_OBJC_ROOT_CLASS = YES_ERROR;
				CLANG_WARN_RANGE_LOOP_ANALYSIS = YES;
				CLANG_WARN_STRICT_PROTOTYPES = YES;
				CLANG_WARN_SUSPICIOUS_MOVE = YES;
				CLANG_WARN_UNGUARDED_AVAILABILITY = YES_AGGRESSIVE;
				CLANG_WARN_UNREACHABLE_CODE = YES;
				CLANG_WARN__DUPLICATE_METHOD_MATCH = YES;
				CODE_SIGN_IDENTITY = "iPhone Developer";
				COPY_PHASE_STRIP = NO;
				DEBUG_INFORMATION_FORMAT = dwarf;
				ENABLE_STRICT_OBJC_MSGSEND = YES;
				ENABLE_TESTABILITY = YES;
				GCC_C_LANGUAGE_STANDARD = gnu11;
				GCC_DYNAMIC_NO_PIC = NO;
				GCC_NO_COMMON_BLOCKS = YES;
				GCC_OPTIMIZATION_LEVEL = 0;
				GCC_PREPROCESSOR_DEFINITIONS = (
					"DEBUG=1",
					"$(inherited)",
				);
				GCC_WARN_64_TO_32_BIT_CONVERSION = YES;
				GCC_WARN_ABOUT_RETURN_TYPE = YES_ERROR;
				GCC_WARN_UNDECLARED_SELECTOR = YES;
				GCC_WARN_UNINITIALIZED_AUTOS = YES_AGGRESSIVE;
				GCC_WARN_UNUSED_FUNCTION = YES;
				GCC_WARN_UNUSED_VARIABLE = YES;
				IPHONEOS_DEPLOYMENT_TARGET = 12.1;
				MTL_ENABLE_DEBUG_INFO = INCLUDE_SOURCE;
				MTL_FAST_MATH = YES;
				ONLY_ACTIVE_ARCH = YES;
				SDKROOT = iphoneos;
				SWIFT_ACTIVE_COMPILATION_CONDITIONS = DEBUG;
				SWIFT_OPTIMIZATION_LEVEL = "-Onone";
			};
			name = Debug;
		};
		E87A39B1225CD21F00953DDB /* Release */ = {
			isa = XCBuildConfiguration;
			buildSettings = {
				ALWAYS_SEARCH_USER_PATHS = NO;
				CLANG_ANALYZER_NONNULL = YES;
				CLANG_ANALYZER_NUMBER_OBJECT_CONVERSION = YES_AGGRESSIVE;
				CLANG_CXX_LANGUAGE_STANDARD = "gnu++14";
				CLANG_CXX_LIBRARY = "libc++";
				CLANG_ENABLE_MODULES = YES;
				CLANG_ENABLE_OBJC_ARC = YES;
				CLANG_ENABLE_OBJC_WEAK = YES;
				CLANG_WARN_BLOCK_CAPTURE_AUTORELEASING = YES;
				CLANG_WARN_BOOL_CONVERSION = YES;
				CLANG_WARN_COMMA = YES;
				CLANG_WARN_CONSTANT_CONVERSION = YES;
				CLANG_WARN_DEPRECATED_OBJC_IMPLEMENTATIONS = YES;
				CLANG_WARN_DIRECT_OBJC_ISA_USAGE = YES_ERROR;
				CLANG_WARN_DOCUMENTATION_COMMENTS = YES;
				CLANG_WARN_EMPTY_BODY = YES;
				CLANG_WARN_ENUM_CONVERSION = YES;
				CLANG_WARN_INFINITE_RECURSION = YES;
				CLANG_WARN_INT_CONVERSION = YES;
				CLANG_WARN_NON_LITERAL_NULL_CONVERSION = YES;
				CLANG_WARN_OBJC_IMPLICIT_RETAIN_SELF = YES;
				CLANG_WARN_OBJC_LITERAL_CONVERSION = YES;
				CLANG_WARN_OBJC_ROOT_CLASS = YES_ERROR;
				CLANG_WARN_RANGE_LOOP_ANALYSIS = YES;
				CLANG_WARN_STRICT_PROTOTYPES = YES;
				CLANG_WARN_SUSPICIOUS_MOVE = YES;
				CLANG_WARN_UNGUARDED_AVAILABILITY = YES_AGGRESSIVE;
				CLANG_WARN_UNREACHABLE_CODE = YES;
				CLANG_WARN__DUPLICATE_METHOD_MATCH = YES;
				CODE_SIGN_IDENTITY = "iPhone Developer";
				COPY_PHASE_STRIP = NO;
				DEBUG_INFORMATION_FORMAT = "dwarf-with-dsym";
				ENABLE_NS_ASSERTIONS = NO;
				ENABLE_STRICT_OBJC_MSGSEND = YES;
				GCC_C_LANGUAGE_STANDARD = gnu11;
				GCC_NO_COMMON_BLOCKS = YES;
				GCC_WARN_64_TO_32_BIT_CONVERSION = YES;
				GCC_WARN_ABOUT_RETURN_TYPE = YES_ERROR;
				GCC_WARN_UNDECLARED_SELECTOR = YES;
				GCC_WARN_UNINITIALIZED_AUTOS = YES_AGGRESSIVE;
				GCC_WARN_UNUSED_FUNCTION = YES;
				GCC_WARN_UNUSED_VARIABLE = YES;
				IPHONEOS_DEPLOYMENT_TARGET = 12.1;
				MTL_ENABLE_DEBUG_INFO = NO;
				MTL_FAST_MATH = YES;
				SDKROOT = iphoneos;
				SWIFT_COMPILATION_MODE = wholemodule;
				SWIFT_OPTIMIZATION_LEVEL = "-O";
				VALIDATE_PRODUCT = YES;
			};
			name = Release;
		};
		E87A39B3225CD21F00953DDB /* Debug */ = {
			isa = XCBuildConfiguration;
			baseConfigurationReference = 28E5292785F7EFD5CD920B95 /* Pods-JMPay.debug.xcconfig */;
			buildSettings = {
				ASSETCATALOG_COMPILER_APPICON_NAME = AppIcon;
				CODE_SIGN_STYLE = Automatic;
				DEVELOPMENT_TEAM = LGZ4VASTMS;
				INFOPLIST_FILE = JMPay/Info.plist;
				LD_RUNPATH_SEARCH_PATHS = (
					"$(inherited)",
					"@executable_path/Frameworks",
				);
				PRODUCT_BUNDLE_IDENTIFIER = JM.JMPay;
				PRODUCT_NAME = "$(TARGET_NAME)";
				SWIFT_VERSION = 4.2;
				TARGETED_DEVICE_FAMILY = "1,2";
			};
			name = Debug;
		};
		E87A39B4225CD21F00953DDB /* Release */ = {
			isa = XCBuildConfiguration;
			baseConfigurationReference = 40F773BC97AF788E3379E358 /* Pods-JMPay.release.xcconfig */;
			buildSettings = {
				ASSETCATALOG_COMPILER_APPICON_NAME = AppIcon;
				CODE_SIGN_STYLE = Automatic;
				DEVELOPMENT_TEAM = LGZ4VASTMS;
				INFOPLIST_FILE = JMPay/Info.plist;
				LD_RUNPATH_SEARCH_PATHS = (
					"$(inherited)",
					"@executable_path/Frameworks",
				);
				PRODUCT_BUNDLE_IDENTIFIER = JM.JMPay;
				PRODUCT_NAME = "$(TARGET_NAME)";
				SWIFT_VERSION = 4.2;
				TARGETED_DEVICE_FAMILY = "1,2";
			};
			name = Release;
		};
		E87A39B6225CD21F00953DDB /* Debug */ = {
			isa = XCBuildConfiguration;
			baseConfigurationReference = C9B5A2650A797F0F804B9859 /* Pods-JMPayTests.debug.xcconfig */;
			buildSettings = {
				ALWAYS_EMBED_SWIFT_STANDARD_LIBRARIES = YES;
				BUNDLE_LOADER = "$(TEST_HOST)";
				CODE_SIGN_STYLE = Automatic;
				DEVELOPMENT_TEAM = LGZ4VASTMS;
				INFOPLIST_FILE = JMPayTests/Info.plist;
				LD_RUNPATH_SEARCH_PATHS = (
					"$(inherited)",
					"@executable_path/Frameworks",
					"@loader_path/Frameworks",
				);
				PRODUCT_BUNDLE_IDENTIFIER = JM.JMPayTests;
				PRODUCT_NAME = "$(TARGET_NAME)";
				SWIFT_VERSION = 4.2;
				TARGETED_DEVICE_FAMILY = "1,2";
				TEST_HOST = "$(BUILT_PRODUCTS_DIR)/JMPay.app/JMPay";
			};
			name = Debug;
		};
		E87A39B7225CD21F00953DDB /* Release */ = {
			isa = XCBuildConfiguration;
			baseConfigurationReference = D25022B4FC6296F74F8E02C0 /* Pods-JMPayTests.release.xcconfig */;
			buildSettings = {
				ALWAYS_EMBED_SWIFT_STANDARD_LIBRARIES = YES;
				BUNDLE_LOADER = "$(TEST_HOST)";
				CODE_SIGN_STYLE = Automatic;
				DEVELOPMENT_TEAM = LGZ4VASTMS;
				INFOPLIST_FILE = JMPayTests/Info.plist;
				LD_RUNPATH_SEARCH_PATHS = (
					"$(inherited)",
					"@executable_path/Frameworks",
					"@loader_path/Frameworks",
				);
				PRODUCT_BUNDLE_IDENTIFIER = JM.JMPayTests;
				PRODUCT_NAME = "$(TARGET_NAME)";
				SWIFT_VERSION = 4.2;
				TARGETED_DEVICE_FAMILY = "1,2";
				TEST_HOST = "$(BUILT_PRODUCTS_DIR)/JMPay.app/JMPay";
			};
			name = Release;
		};
		E87A39B9225CD21F00953DDB /* Debug */ = {
			isa = XCBuildConfiguration;
			baseConfigurationReference = 13199ECF5465C20E730CD9E8 /* Pods-JMPayUITests.debug.xcconfig */;
			buildSettings = {
				ALWAYS_EMBED_SWIFT_STANDARD_LIBRARIES = YES;
				CODE_SIGN_STYLE = Automatic;
				DEVELOPMENT_TEAM = LGZ4VASTMS;
				INFOPLIST_FILE = JMPayUITests/Info.plist;
				LD_RUNPATH_SEARCH_PATHS = (
					"$(inherited)",
					"@executable_path/Frameworks",
					"@loader_path/Frameworks",
				);
				PRODUCT_BUNDLE_IDENTIFIER = JM.JMPayUITests;
				PRODUCT_NAME = "$(TARGET_NAME)";
				SWIFT_VERSION = 4.2;
				TARGETED_DEVICE_FAMILY = "1,2";
				TEST_TARGET_NAME = JMPay;
			};
			name = Debug;
		};
		E87A39BA225CD21F00953DDB /* Release */ = {
			isa = XCBuildConfiguration;
			baseConfigurationReference = 2A6BA5CA844E8BC4B528B5FB /* Pods-JMPayUITests.release.xcconfig */;
			buildSettings = {
				ALWAYS_EMBED_SWIFT_STANDARD_LIBRARIES = YES;
				CODE_SIGN_STYLE = Automatic;
				DEVELOPMENT_TEAM = LGZ4VASTMS;
				INFOPLIST_FILE = JMPayUITests/Info.plist;
				LD_RUNPATH_SEARCH_PATHS = (
					"$(inherited)",
					"@executable_path/Frameworks",
					"@loader_path/Frameworks",
				);
				PRODUCT_BUNDLE_IDENTIFIER = JM.JMPayUITests;
				PRODUCT_NAME = "$(TARGET_NAME)";
				SWIFT_VERSION = 4.2;
				TARGETED_DEVICE_FAMILY = "1,2";
				TEST_TARGET_NAME = JMPay;
			};
			name = Release;
		};
/* End XCBuildConfiguration section */

/* Begin XCConfigurationList section */
		E87A3985225CD21B00953DDB /* Build configuration list for PBXProject "JMPay" */ = {
			isa = XCConfigurationList;
			buildConfigurations = (
				E87A39B0225CD21F00953DDB /* Debug */,
				E87A39B1225CD21F00953DDB /* Release */,
			);
			defaultConfigurationIsVisible = 0;
			defaultConfigurationName = Release;
		};
		E87A39B2225CD21F00953DDB /* Build configuration list for PBXNativeTarget "JMPay" */ = {
			isa = XCConfigurationList;
			buildConfigurations = (
				E87A39B3225CD21F00953DDB /* Debug */,
				E87A39B4225CD21F00953DDB /* Release */,
			);
			defaultConfigurationIsVisible = 0;
			defaultConfigurationName = Release;
		};
		E87A39B5225CD21F00953DDB /* Build configuration list for PBXNativeTarget "JMPayTests" */ = {
			isa = XCConfigurationList;
			buildConfigurations = (
				E87A39B6225CD21F00953DDB /* Debug */,
				E87A39B7225CD21F00953DDB /* Release */,
			);
			defaultConfigurationIsVisible = 0;
			defaultConfigurationName = Release;
		};
		E87A39B8225CD21F00953DDB /* Build configuration list for PBXNativeTarget "JMPayUITests" */ = {
			isa = XCConfigurationList;
			buildConfigurations = (
				E87A39B9225CD21F00953DDB /* Debug */,
				E87A39BA225CD21F00953DDB /* Release */,
			);
			defaultConfigurationIsVisible = 0;
			defaultConfigurationName = Release;
		};
/* End XCConfigurationList section */
	};
	rootObject = E87A3982225CD21B00953DDB /* Project object */;
}
